
Microsoft Visual Studio Solution File, Format Version 12.00
# Visual Studio Version 16
VisualStudioVersion = 16.0.31624.102
MinimumVisualStudioVersion = 10.0.40219.1
Project("{888888A0-9F3D-457C-B088-3A5042F75D52}") = "tic tac toe", "tic tac toe\tic tac toe.pyproj", "{186A2E08-00D7-4139-BFA7-3874DD910DE3}"
EndProject
Global
	GlobalSection(SolutionConfigurationPlatforms) = preSolution
		Debug|Any CPU = Debug|Any CPU
		Release|Any CPU = Release|Any CPU
	EndGlobalSection
	GlobalSection(ProjectConfigurationPlatforms) = postSolution
		{186A2E08-00D7-4139-BFA7-3874DD910DE3}.Debug|Any CPU.ActiveCfg = Debug|Any CPU
		{186A2E08-00D7-4139-BFA7-3874DD910DE3}.Release|Any CPU.ActiveCfg = Release|Any CPU
	EndGlobalSection
	GlobalSection(SolutionProperties) = preSolution
		HideSolutionNode = FALSE
	EndGlobalSection
	GlobalSection(ExtensibilityGlobals) = postSolution
		SolutionGuid = {394CA830-E785-4C3F-AA0D-C046A8EFD172}
	EndGlobalSection
EndGlobal
